
Microsoft Visual Studio Solution File, Format Version 12.00
# Visual Studio Version 16
VisualStudioVersion = 16.0.31321.278
MinimumVisualStudioVersion = 10.0.40219.1
Project("{FAE04EC0-301F-11D3-BF4B-00C04F79EFBC}") = "CFP.Web", "CFP.Web\CFP.Web.csproj", "{2169B958-F418-4596-8243-DE0B3E99F694}"
EndProject
Project("{9A19103F-16F7-4668-BE54-9A1E7A4F7556}") = "CFP.BusLayer", "CFP.BusLayer\CFP.BusLayer.csproj", "{9FF57760-46DC-4813-9C12-DC2E5E8C990E}"
EndProject
Project("{FAE04EC0-301F-11D3-BF4B-00C04F79EFBC}") = "CFP.DBLayer", "CFP.DBLayer\CFP.DBLayer.csproj", "{DED7E561-EDAD-4001-BF43-43ADCD3B93C3}"
EndProject
Global
	GlobalSection(SolutionConfigurationPlatforms) = preSolution
		Debug|Any CPU = Debug|Any CPU
		Release|Any CPU = Release|Any CPU
	EndGlobalSection
	GlobalSection(ProjectConfigurationPlatforms) = postSolution
		{2169B958-F418-4596-8243-DE0B3E99F694}.Debug|Any CPU.ActiveCfg = Debug|Any CPU
		{2169B958-F418-4596-8243-DE0B3E99F694}.Debug|Any CPU.Build.0 = Debug|Any CPU
		{2169B958-F418-4596-8243-DE0B3E99F694}.Release|Any CPU.ActiveCfg = Release|Any CPU
		{2169B958-F418-4596-8243-DE0B3E99F694}.Release|Any CPU.Build.0 = Release|Any CPU
		{9FF57760-46DC-4813-9C12-DC2E5E8C990E}.Debug|Any CPU.ActiveCfg = Debug|Any CPU
		{9FF57760-46DC-4813-9C12-DC2E5E8C990E}.Debug|Any CPU.Build.0 = Debug|Any CPU
		{9FF57760-46DC-4813-9C12-DC2E5E8C990E}.Release|Any CPU.ActiveCfg = Release|Any CPU
		{9FF57760-46DC-4813-9C12-DC2E5E8C990E}.Release|Any CPU.Build.0 = Release|Any CPU
		{DED7E561-EDAD-4001-BF43-43ADCD3B93C3}.Debug|Any CPU.ActiveCfg = Debug|Any CPU
		{DED7E561-EDAD-4001-BF43-43ADCD3B93C3}.Debug|Any CPU.Build.0 = Debug|Any CPU
		{DED7E561-EDAD-4001-BF43-43ADCD3B93C3}.Release|Any CPU.ActiveCfg = Release|Any CPU
		{DED7E561-EDAD-4001-BF43-43ADCD3B93C3}.Release|Any CPU.Build.0 = Release|Any CPU
	EndGlobalSection
	GlobalSection(SolutionProperties) = preSolution
		HideSolutionNode = FALSE
	EndGlobalSection
	GlobalSection(ExtensibilityGlobals) = postSolution
		SolutionGuid = {73589592-6925-470D-9D33-774D42DC8EFA}
	EndGlobalSection
EndGlobal
